
Microsoft Visual Studio Solution File, Format Version 12.00
# Visual Studio Version 16
VisualStudioVersion = 16.0.32126.315
MinimumVisualStudioVersion = 10.0.40219.1
Project("{FAE04EC0-301F-11D3-BF4B-00C04F79EFBC}") = "PROYECTO3P_VISUALES", "PROYECTO3P_VISUALES\PROYECTO3P_VISUALES.csproj", "{A80ECF7D-A8EC-4620-8E22-5C266F2FD353}"
EndProject
Global
	GlobalSection(SolutionConfigurationPlatforms) = preSolution
		Debug|Any CPU = Debug|Any CPU
		Release|Any CPU = Release|Any CPU
	EndGlobalSection
	GlobalSection(ProjectConfigurationPlatforms) = postSolution
		{A80ECF7D-A8EC-4620-8E22-5C266F2FD353}.Debug|Any CPU.ActiveCfg = Debug|Any CPU
		{A80ECF7D-A8EC-4620-8E22-5C266F2FD353}.Debug|Any CPU.Build.0 = Debug|Any CPU
		{A80ECF7D-A8EC-4620-8E22-5C266F2FD353}.Release|Any CPU.ActiveCfg = Release|Any CPU
		{A80ECF7D-A8EC-4620-8E22-5C266F2FD353}.Release|Any CPU.Build.0 = Release|Any CPU
	EndGlobalSection
	GlobalSection(SolutionProperties) = preSolution
		HideSolutionNode = FALSE
	EndGlobalSection
	GlobalSection(ExtensibilityGlobals) = postSolution
		SolutionGuid = {9CCF22A1-59AB-420B-90AE-5035A67908B2}
	EndGlobalSection
EndGlobal
